
Microsoft Visual Studio Solution File, Format Version 12.00
# Visual Studio 15
VisualStudioVersion = 15.0.28307.572
MinimumVisualStudioVersion = 10.0.40219.1
Project("{9A19103F-16F7-4668-BE54-9A1E7A4F7556}") = "WebService", "WebService\WebService.csproj", "{E339D7C5-3607-4D5F-AFD5-9850CBA2BDC1}"
EndProject
Project("{9A19103F-16F7-4668-BE54-9A1E7A4F7556}") = "Roi.Domain", "Roi.Domain\Roi.Domain.csproj", "{F35DEECC-5D32-4787-9AC9-8B78564F64D3}"
EndProject
Project("{9A19103F-16F7-4668-BE54-9A1E7A4F7556}") = "Infrastructure", "Infrastructure\Infrastructure.csproj", "{103DABB9-7E15-40F4-8611-2BF7BAFEF02E}"
EndProject
Project("{9A19103F-16F7-4668-BE54-9A1E7A4F7556}") = "Roi.Application", "Roi.Application\Roi.Application.csproj", "{936FD1C6-CBB8-4E84-9C1F-18CB8AD3C46B}"
EndProject
Project("{FAE04EC0-301F-11D3-BF4B-00C04F79EFBC}") = "Roi.Client", "Roi.Client\Roi.Client.csproj", "{91699DDC-E704-45F1-A4F2-58EC866F412B}"
EndProject
Global
	GlobalSection(SolutionConfigurationPlatforms) = preSolution
		Debug|Any CPU = Debug|Any CPU
		Release|Any CPU = Release|Any CPU
	EndGlobalSection
	GlobalSection(ProjectConfigurationPlatforms) = postSolution
		{E339D7C5-3607-4D5F-AFD5-9850CBA2BDC1}.Debug|Any CPU.ActiveCfg = Debug|Any CPU
		{E339D7C5-3607-4D5F-AFD5-9850CBA2BDC1}.Debug|Any CPU.Build.0 = Debug|Any CPU
		{E339D7C5-3607-4D5F-AFD5-9850CBA2BDC1}.Release|Any CPU.ActiveCfg = Release|Any CPU
		{E339D7C5-3607-4D5F-AFD5-9850CBA2BDC1}.Release|Any CPU.Build.0 = Release|Any CPU
		{F35DEECC-5D32-4787-9AC9-8B78564F64D3}.Debug|Any CPU.ActiveCfg = Debug|Any CPU
		{F35DEECC-5D32-4787-9AC9-8B78564F64D3}.Debug|Any CPU.Build.0 = Debug|Any CPU
		{F35DEECC-5D32-4787-9AC9-8B78564F64D3}.Release|Any CPU.ActiveCfg = Release|Any CPU
		{F35DEECC-5D32-4787-9AC9-8B78564F64D3}.Release|Any CPU.Build.0 = Release|Any CPU
		{103DABB9-7E15-40F4-8611-2BF7BAFEF02E}.Debug|Any CPU.ActiveCfg = Debug|Any CPU
		{103DABB9-7E15-40F4-8611-2BF7BAFEF02E}.Debug|Any CPU.Build.0 = Debug|Any CPU
		{103DABB9-7E15-40F4-8611-2BF7BAFEF02E}.Release|Any CPU.ActiveCfg = Release|Any CPU
		{103DABB9-7E15-40F4-8611-2BF7BAFEF02E}.Release|Any CPU.Build.0 = Release|Any CPU
		{936FD1C6-CBB8-4E84-9C1F-18CB8AD3C46B}.Debug|Any CPU.ActiveCfg = Debug|Any CPU
		{936FD1C6-CBB8-4E84-9C1F-18CB8AD3C46B}.Debug|Any CPU.Build.0 = Debug|Any CPU
		{936FD1C6-CBB8-4E84-9C1F-18CB8AD3C46B}.Release|Any CPU.ActiveCfg = Release|Any CPU
		{936FD1C6-CBB8-4E84-9C1F-18CB8AD3C46B}.Release|Any CPU.Build.0 = Release|Any CPU
		{91699DDC-E704-45F1-A4F2-58EC866F412B}.Debug|Any CPU.ActiveCfg = Debug|Any CPU
		{91699DDC-E704-45F1-A4F2-58EC866F412B}.Debug|Any CPU.Build.0 = Debug|Any CPU
		{91699DDC-E704-45F1-A4F2-58EC866F412B}.Release|Any CPU.ActiveCfg = Release|Any CPU
		{91699DDC-E704-45F1-A4F2-58EC866F412B}.Release|Any CPU.Build.0 = Release|Any CPU
	EndGlobalSection
	GlobalSection(SolutionProperties) = preSolution
		HideSolutionNode = FALSE
	EndGlobalSection
	GlobalSection(ExtensibilityGlobals) = postSolution
		SolutionGuid = {951AD2B3-E985-4018-8135-FB46481D24EC}
	EndGlobalSection
EndGlobal
